// !$*UTF8*$!
{
	archiveVersion = 1;
	classes = {
	};
	objectVersion = 56;
	objects = {

/* Begin PBXBuildFile section */
		B78BCC632C4E2D7D00E1CFDA /* dreamerApp.swift in Sources */ = {isa = PBXBuildFile; fileRef = B78BCC622C4E2D7D00E1CFDA /* dreamerApp.swift */; };
		B78BCC652C4E2D7D00E1CFDA /* ContentView.swift in Sources */ = {isa = PBXBuildFile; fileRef = B78BCC642C4E2D7D00E1CFDA /* ContentView.swift */; };
		B78BCC672C4E2D7E00E1CFDA /* Assets.xcassets in Resources */ = {isa = PBXBuildFile; fileRef = B78BCC662C4E2D7E00E1CFDA /* Assets.xcassets */; };
		B78BCC6A2C4E2D7E00E1CFDA /* Preview Assets.xcassets in Resources */ = {isa = PBXBuildFile; fileRef = B78BCC692C4E2D7E00E1CFDA /* Preview Assets.xcassets */; };
		B78BCC8D2C4F921400E1CFDA /* ChatCompletionRequest.swift in Sources */ = {isa = PBXBuildFile; fileRef = B78BCC8C2C4F921400E1CFDA /* ChatCompletionRequest.swift */; };
		B78BCC8F2C4F924000E1CFDA /* ChatCompletionResponse.swift in Sources */ = {isa = PBXBuildFile; fileRef = B78BCC8E2C4F924000E1CFDA /* ChatCompletionResponse.swift */; };
		B78BCC912C4F925B00E1CFDA /* NetworkManager.swift in Sources */ = {isa = PBXBuildFile; fileRef = B78BCC902C4F925B00E1CFDA /* NetworkManager.swift */; };
		B796FD9E2C524510006FB570 /* GoogleService-Info.plist in Resources */ = {isa = PBXBuildFile; fileRef = B796FD9D2C524510006FB570 /* GoogleService-Info.plist */; };
		B796FDA12C5246C2006FB570 /* FirebaseAnalytics in Frameworks */ = {isa = PBXBuildFile; productRef = B796FDA02C5246C2006FB570 /* FirebaseAnalytics */; };
		B796FDA32C5246C2006FB570 /* FirebaseAnalyticsOnDeviceConversion in Frameworks */ = {isa = PBXBuildFile; productRef = B796FDA22C5246C2006FB570 /* FirebaseAnalyticsOnDeviceConversion */; };
		B796FDA52C5246C2006FB570 /* FirebaseAnalyticsSwift in Frameworks */ = {isa = PBXBuildFile; productRef = B796FDA42C5246C2006FB570 /* FirebaseAnalyticsSwift */; };
		B796FDA72C5246C2006FB570 /* FirebaseAnalyticsWithoutAdIdSupport in Frameworks */ = {isa = PBXBuildFile; productRef = B796FDA62C5246C2006FB570 /* FirebaseAnalyticsWithoutAdIdSupport */; };
		B796FDAB2C5246C2006FB570 /* FirebaseAppDistribution-Beta in Frameworks */ = {isa = PBXBuildFile; productRef = B796FDAA2C5246C2006FB570 /* FirebaseAppDistribution-Beta */; };
		B796FDAD2C5246C2006FB570 /* FirebaseAuth in Frameworks */ = {isa = PBXBuildFile; productRef = B796FDAC2C5246C2006FB570 /* FirebaseAuth */; };
		B796FDAF2C5246C2006FB570 /* FirebaseAuthCombine-Community in Frameworks */ = {isa = PBXBuildFile; productRef = B796FDAE2C5246C2006FB570 /* FirebaseAuthCombine-Community */; };
		B796FDB12C5246C2006FB570 /* FirebaseCrashlytics in Frameworks */ = {isa = PBXBuildFile; productRef = B796FDB02C5246C2006FB570 /* FirebaseCrashlytics */; };
		B796FDB32C5246C2006FB570 /* FirebaseDatabase in Frameworks */ = {isa = PBXBuildFile; productRef = B796FDB22C5246C2006FB570 /* FirebaseDatabase */; };
		B796FDB52C5246C2006FB570 /* FirebaseDatabaseSwift in Frameworks */ = {isa = PBXBuildFile; productRef = B796FDB42C5246C2006FB570 /* FirebaseDatabaseSwift */; };
		B796FDB72C5246C2006FB570 /* FirebaseDynamicLinks in Frameworks */ = {isa = PBXBuildFile; productRef = B796FDB62C5246C2006FB570 /* FirebaseDynamicLinks */; };
		B796FDBA2C524722006FB570 /* AuthView.swift in Sources */ = {isa = PBXBuildFile; fileRef = B796FDB92C524722006FB570 /* AuthView.swift */; };
		B796FDBD2C524842006FB570 /* HomeViewModel.swift in Sources */ = {isa = PBXBuildFile; fileRef = B796FDBC2C524842006FB570 /* HomeViewModel.swift */; };
		B796FDC12C524A90006FB570 /* DreamRepo.swift in Sources */ = {isa = PBXBuildFile; fileRef = B796FDC02C524A90006FB570 /* DreamRepo.swift */; };
		B796FDC42C568801006FB570 /* FirebaseFirestore in Frameworks */ = {isa = PBXBuildFile; productRef = B796FDC32C568801006FB570 /* FirebaseFirestore */; };
		B796FDC62C568801006FB570 /* FirebaseFirestoreCombine-Community in Frameworks */ = {isa = PBXBuildFile; productRef = B796FDC52C568801006FB570 /* FirebaseFirestoreCombine-Community */; };
		B796FDC82C568801006FB570 /* FirebaseFirestoreSwift in Frameworks */ = {isa = PBXBuildFile; productRef = B796FDC72C568801006FB570 /* FirebaseFirestoreSwift */; };
		B796FDCA2C577D48006FB570 /* HomeView.swift in Sources */ = {isa = PBXBuildFile; fileRef = B796FDC92C577D48006FB570 /* HomeView.swift */; };
/* End PBXBuildFile section */

/* Begin PBXFileReference section */
		B78BCC5F2C4E2D7D00E1CFDA /* dreamer.app */ = {isa = PBXFileReference; explicitFileType = wrapper.application; includeInIndex = 0; path = dreamer.app; sourceTree = BUILT_PRODUCTS_DIR; };
		B78BCC622C4E2D7D00E1CFDA /* dreamerApp.swift */ = {isa = PBXFileReference; lastKnownFileType = sourcecode.swift; path = dreamerApp.swift; sourceTree = "<group>"; };
		B78BCC642C4E2D7D00E1CFDA /* ContentView.swift */ = {isa = PBXFileReference; lastKnownFileType = sourcecode.swift; path = ContentView.swift; sourceTree = "<group>"; };
		B78BCC662C4E2D7E00E1CFDA /* Assets.xcassets */ = {isa = PBXFileReference; lastKnownFileType = folder.assetcatalog; path = Assets.xcassets; sourceTree = "<group>"; };
		B78BCC692C4E2D7E00E1CFDA /* Preview Assets.xcassets */ = {isa = PBXFileReference; lastKnownFileType = folder.assetcatalog; path = "Preview Assets.xcassets"; sourceTree = "<group>"; };
		B78BCC8C2C4F921400E1CFDA /* ChatCompletionRequest.swift */ = {isa = PBXFileReference; lastKnownFileType = sourcecode.swift; path = ChatCompletionRequest.swift; sourceTree = "<group>"; };
		B78BCC8E2C4F924000E1CFDA /* ChatCompletionResponse.swift */ = {isa = PBXFileReference; lastKnownFileType = sourcecode.swift; path = ChatCompletionResponse.swift; sourceTree = "<group>"; };
		B78BCC902C4F925B00E1CFDA /* NetworkManager.swift */ = {isa = PBXFileReference; lastKnownFileType = sourcecode.swift; path = NetworkManager.swift; sourceTree = "<group>"; };
		B796FD9D2C524510006FB570 /* GoogleService-Info.plist */ = {isa = PBXFileReference; fileEncoding = 4; lastKnownFileType = text.plist.xml; path = "GoogleService-Info.plist"; sourceTree = "<group>"; };
		B796FDB92C524722006FB570 /* AuthView.swift */ = {isa = PBXFileReference; lastKnownFileType = sourcecode.swift; path = AuthView.swift; sourceTree = "<group>"; };
		B796FDBC2C524842006FB570 /* HomeViewModel.swift */ = {isa = PBXFileReference; lastKnownFileType = sourcecode.swift; path = HomeViewModel.swift; sourceTree = "<group>"; };
		B796FDC02C524A90006FB570 /* DreamRepo.swift */ = {isa = PBXFileReference; lastKnownFileType = sourcecode.swift; path = DreamRepo.swift; sourceTree = "<group>"; };
		B796FDC92C577D48006FB570 /* HomeView.swift */ = {isa = PBXFileReference; lastKnownFileType = sourcecode.swift; path = HomeView.swift; sourceTree = "<group>"; };
/* End PBXFileReference section */

/* Begin PBXFrameworksBuildPhase section */
		B78BCC5C2C4E2D7D00E1CFDA /* Frameworks */ = {
			isa = PBXFrameworksBuildPhase;
			buildActionMask = 2147483647;
			files = (
				B796FDB32C5246C2006FB570 /* FirebaseDatabase in Frameworks */,
				B796FDC42C568801006FB570 /* FirebaseFirestore in Frameworks */,
				B796FDA52C5246C2006FB570 /* FirebaseAnalyticsSwift in Frameworks */,
				B796FDA12C5246C2006FB570 /* FirebaseAnalytics in Frameworks */,
				B796FDA32C5246C2006FB570 /* FirebaseAnalyticsOnDeviceConversion in Frameworks */,
				B796FDC82C568801006FB570 /* FirebaseFirestoreSwift in Frameworks */,
				B796FDA72C5246C2006FB570 /* FirebaseAnalyticsWithoutAdIdSupport in Frameworks */,
				B796FDAD2C5246C2006FB570 /* FirebaseAuth in Frameworks */,
				B796FDB12C5246C2006FB570 /* FirebaseCrashlytics in Frameworks */,
				B796FDB52C5246C2006FB570 /* FirebaseDatabaseSwift in Frameworks */,
				B796FDAB2C5246C2006FB570 /* FirebaseAppDistribution-Beta in Frameworks */,
				B796FDAF2C5246C2006FB570 /* FirebaseAuthCombine-Community in Frameworks */,
				B796FDB72C5246C2006FB570 /* FirebaseDynamicLinks in Frameworks */,
				B796FDC62C568801006FB570 /* FirebaseFirestoreCombine-Community in Frameworks */,
			);
			runOnlyForDeploymentPostprocessing = 0;
		};
/* End PBXFrameworksBuildPhase section */

/* Begin PBXGroup section */
		B78BCC562C4E2D7D00E1CFDA = {
			isa = PBXGroup;
			children = (
				B78BCC612C4E2D7D00E1CFDA /* dreamer */,
				B78BCC602C4E2D7D00E1CFDA /* Products */,
				B796FDC22C568801006FB570 /* Frameworks */,
			);
			sourceTree = "<group>";
		};
		B78BCC602C4E2D7D00E1CFDA /* Products */ = {
			isa = PBXGroup;
			children = (
				B78BCC5F2C4E2D7D00E1CFDA /* dreamer.app */,
			);
			name = Products;
			sourceTree = "<group>";
		};
		B78BCC612C4E2D7D00E1CFDA /* dreamer */ = {
			isa = PBXGroup;
			children = (
				B796FDBF2C524A74006FB570 /* API */,
				B796FDBE2C5249C7006FB570 /* FireStoring */,
				B796FDBB2C524836006FB570 /* Model */,
				B796FDB82C524700006FB570 /* View */,
				B796FD9D2C524510006FB570 /* GoogleService-Info.plist */,
				B78BCC662C4E2D7E00E1CFDA /* Assets.xcassets */,
				B78BCC682C4E2D7E00E1CFDA /* Preview Content */,
			);
			path = dreamer;
			sourceTree = "<group>";
		};
		B78BCC682C4E2D7E00E1CFDA /* Preview Content */ = {
			isa = PBXGroup;
			children = (
				B78BCC692C4E2D7E00E1CFDA /* Preview Assets.xcassets */,
			);
			path = "Preview Content";
			sourceTree = "<group>";
		};
		B796FDB82C524700006FB570 /* View */ = {
			isa = PBXGroup;
			children = (
				B78BCC622C4E2D7D00E1CFDA /* dreamerApp.swift */,
				B78BCC642C4E2D7D00E1CFDA /* ContentView.swift */,
				B796FDB92C524722006FB570 /* AuthView.swift */,
				B796FDC92C577D48006FB570 /* HomeView.swift */,
			);
			path = View;
			sourceTree = "<group>";
		};
		B796FDBB2C524836006FB570 /* Model */ = {
			isa = PBXGroup;
			children = (
				B796FDBC2C524842006FB570 /* HomeViewModel.swift */,
			);
			path = Model;
			sourceTree = "<group>";
		};
		B796FDBE2C5249C7006FB570 /* FireStoring */ = {
			isa = PBXGroup;
			children = (
				B796FDC02C524A90006FB570 /* DreamRepo.swift */,
			);
			path = FireStoring;
			sourceTree = "<group>";
		};
		B796FDBF2C524A74006FB570 /* API */ = {
			isa = PBXGroup;
			children = (
				B78BCC902C4F925B00E1CFDA /* NetworkManager.swift */,
				B78BCC8E2C4F924000E1CFDA /* ChatCompletionResponse.swift */,
				B78BCC8C2C4F921400E1CFDA /* ChatCompletionRequest.swift */,
			);
			path = API;
			sourceTree = "<group>";
		};
		B796FDC22C568801006FB570 /* Frameworks */ = {
			isa = PBXGroup;
			children = (
			);
			name = Frameworks;
			sourceTree = "<group>";
		};
/* End PBXGroup section */

/* Begin PBXNativeTarget section */
		B78BCC5E2C4E2D7D00E1CFDA /* dreamer */ = {
			isa = PBXNativeTarget;
			buildConfigurationList = B78BCC6D2C4E2D7E00E1CFDA /* Build configuration list for PBXNativeTarget "dreamer" */;
			buildPhases = (
				B78BCC5B2C4E2D7D00E1CFDA /* Sources */,
				B78BCC5C2C4E2D7D00E1CFDA /* Frameworks */,
				B78BCC5D2C4E2D7D00E1CFDA /* Resources */,
			);
			buildRules = (
			);
			dependencies = (
			);
			name = dreamer;
			packageProductDependencies = (
				B796FDA02C5246C2006FB570 /* FirebaseAnalytics */,
				B796FDA22C5246C2006FB570 /* FirebaseAnalyticsOnDeviceConversion */,
				B796FDA42C5246C2006FB570 /* FirebaseAnalyticsSwift */,
				B796FDA62C5246C2006FB570 /* FirebaseAnalyticsWithoutAdIdSupport */,
				B796FDAA2C5246C2006FB570 /* FirebaseAppDistribution-Beta */,
				B796FDAC2C5246C2006FB570 /* FirebaseAuth */,
				B796FDAE2C5246C2006FB570 /* FirebaseAuthCombine-Community */,
				B796FDB02C5246C2006FB570 /* FirebaseCrashlytics */,
				B796FDB22C5246C2006FB570 /* FirebaseDatabase */,
				B796FDB42C5246C2006FB570 /* FirebaseDatabaseSwift */,
				B796FDB62C5246C2006FB570 /* FirebaseDynamicLinks */,
				B796FDC32C568801006FB570 /* FirebaseFirestore */,
				B796FDC52C568801006FB570 /* FirebaseFirestoreCombine-Community */,
				B796FDC72C568801006FB570 /* FirebaseFirestoreSwift */,
			);
			productName = dreamer;
			productReference = B78BCC5F2C4E2D7D00E1CFDA /* dreamer.app */;
			productType = "com.apple.product-type.application";
		};
/* End PBXNativeTarget section */

/* Begin PBXProject section */
		B78BCC572C4E2D7D00E1CFDA /* Project object */ = {
			isa = PBXProject;
			attributes = {
				BuildIndependentTargetsInParallel = 1;
				LastSwiftUpdateCheck = 1520;
				LastUpgradeCheck = 1520;
				TargetAttributes = {
					B78BCC5E2C4E2D7D00E1CFDA = {
						CreatedOnToolsVersion = 15.2;
					};
				};
			};
			buildConfigurationList = B78BCC5A2C4E2D7D00E1CFDA /* Build configuration list for PBXProject "dreamer" */;
			compatibilityVersion = "Xcode 14.0";
			developmentRegion = en;
			hasScannedForEncodings = 0;
			knownRegions = (
				en,
				Base,
			);
			mainGroup = B78BCC562C4E2D7D00E1CFDA;
			packageReferences = (
				B796FD9F2C5246C2006FB570 /* XCRemoteSwiftPackageReference "firebase-ios-sdk" */,
			);
			productRefGroup = B78BCC602C4E2D7D00E1CFDA /* Products */;
			projectDirPath = "";
			projectRoot = "";
			targets = (
				B78BCC5E2C4E2D7D00E1CFDA /* dreamer */,
			);
		};
/* End PBXProject section */

/* Begin PBXResourcesBuildPhase section */
		B78BCC5D2C4E2D7D00E1CFDA /* Resources */ = {
			isa = PBXResourcesBuildPhase;
			buildActionMask = 2147483647;
			files = (
				B78BCC6A2C4E2D7E00E1CFDA /* Preview Assets.xcassets in Resources */,
				B796FD9E2C524510006FB570 /* GoogleService-Info.plist in Resources */,
				B78BCC672C4E2D7E00E1CFDA /* Assets.xcassets in Resources */,
			);
			runOnlyForDeploymentPostprocessing = 0;
		};
/* End PBXResourcesBuildPhase section */

/* Begin PBXSourcesBuildPhase section */
		B78BCC5B2C4E2D7D00E1CFDA /* Sources */ = {
			isa = PBXSourcesBuildPhase;
			buildActionMask = 2147483647;
			files = (
				B796FDBA2C524722006FB570 /* AuthView.swift in Sources */,
				B796FDC12C524A90006FB570 /* DreamRepo.swift in Sources */,
				B78BCC912C4F925B00E1CFDA /* NetworkManager.swift in Sources */,
				B78BCC8F2C4F924000E1CFDA /* ChatCompletionResponse.swift in Sources */,
				B796FDBD2C524842006FB570 /* HomeViewModel.swift in Sources */,
				B78BCC652C4E2D7D00E1CFDA /* ContentView.swift in Sources */,
				B796FDCA2C577D48006FB570 /* HomeView.swift in Sources */,
				B78BCC8D2C4F921400E1CFDA /* ChatCompletionRequest.swift in Sources */,
				B78BCC632C4E2D7D00E1CFDA /* dreamerApp.swift in Sources */,
			);
			runOnlyForDeploymentPostprocessing = 0;
		};
/* End PBXSourcesBuildPhase section */

/* Begin XCBuildConfiguration section */
		B78BCC6B2C4E2D7E00E1CFDA /* Debug */ = {
			isa = XCBuildConfiguration;
			buildSettings = {
				ALWAYS_SEARCH_USER_PATHS = NO;
				ASSETCATALOG_COMPILER_GENERATE_SWIFT_ASSET_SYMBOL_EXTENSIONS = YES;
				CLANG_ANALYZER_NONNULL = YES;
				CLANG_ANALYZER_NUMBER_OBJECT_CONVERSION = YES_AGGRESSIVE;
				CLANG_CXX_LANGUAGE_STANDARD = "gnu++20";
				CLANG_ENABLE_MODULES = YES;
				CLANG_ENABLE_OBJC_ARC = YES;
				CLANG_ENABLE_OBJC_WEAK = YES;
				CLANG_WARN_BLOCK_CAPTURE_AUTORELEASING = YES;
				CLANG_WARN_BOOL_CONVERSION = YES;
				CLANG_WARN_COMMA = YES;
				CLANG_WARN_CONSTANT_CONVERSION = YES;
				CLANG_WARN_DEPRECATED_OBJC_IMPLEMENTATIONS = YES;
				CLANG_WARN_DIRECT_OBJC_ISA_USAGE = YES_ERROR;
				CLANG_WARN_DOCUMENTATION_COMMENTS = YES;
				CLANG_WARN_EMPTY_BODY = YES;
				CLANG_WARN_ENUM_CONVERSION = YES;
				CLANG_WARN_INFINITE_RECURSION = YES;
				CLANG_WARN_INT_CONVERSION = YES;
				CLANG_WARN_NON_LITERAL_NULL_CONVERSION = YES;
				CLANG_WARN_OBJC_IMPLICIT_RETAIN_SELF = YES;
				CLANG_WARN_OBJC_LITERAL_CONVERSION = YES;
				CLANG_WARN_OBJC_ROOT_CLASS = YES_ERROR;
				CLANG_WARN_QUOTED_INCLUDE_IN_FRAMEWORK_HEADER = YES;
				CLANG_WARN_RANGE_LOOP_ANALYSIS = YES;
				CLANG_WARN_STRICT_PROTOTYPES = YES;
				CLANG_WARN_SUSPICIOUS_MOVE = YES;
				CLANG_WARN_UNGUARDED_AVAILABILITY = YES_AGGRESSIVE;
				CLANG_WARN_UNREACHABLE_CODE = YES;
				CLANG_WARN__DUPLICATE_METHOD_MATCH = YES;
				COPY_PHASE_STRIP = NO;
				DEBUG_INFORMATION_FORMAT = dwarf;
				ENABLE_STRICT_OBJC_MSGSEND = YES;
				ENABLE_TESTABILITY = YES;
				ENABLE_USER_SCRIPT_SANDBOXING = YES;
				GCC_C_LANGUAGE_STANDARD = gnu17;
				GCC_DYNAMIC_NO_PIC = NO;
				GCC_NO_COMMON_BLOCKS = YES;
				GCC_OPTIMIZATION_LEVEL = 0;
				GCC_PREPROCESSOR_DEFINITIONS = (
					"DEBUG=1",
					"$(inherited)",
				);
				GCC_WARN_64_TO_32_BIT_CONVERSION = YES;
				GCC_WARN_ABOUT_RETURN_TYPE = YES_ERROR;
				GCC_WARN_UNDECLARED_SELECTOR = YES;
				GCC_WARN_UNINITIALIZED_AUTOS = YES_AGGRESSIVE;
				GCC_WARN_UNUSED_FUNCTION = YES;
				GCC_WARN_UNUSED_VARIABLE = YES;
				IPHONEOS_DEPLOYMENT_TARGET = 17.2;
				LOCALIZATION_PREFERS_STRING_CATALOGS = YES;
				MTL_ENABLE_DEBUG_INFO = INCLUDE_SOURCE;
				MTL_FAST_MATH = YES;
				ONLY_ACTIVE_ARCH = YES;
				SDKROOT = iphoneos;
				SWIFT_ACTIVE_COMPILATION_CONDITIONS = "DEBUG $(inherited)";
				SWIFT_OPTIMIZATION_LEVEL = "-Onone";
			};
			name = Debug;
		};
		B78BCC6C2C4E2D7E00E1CFDA /* Release */ = {
			isa = XCBuildConfiguration;
			buildSettings = {
				ALWAYS_SEARCH_USER_PATHS = NO;
				ASSETCATALOG_COMPILER_GENERATE_SWIFT_ASSET_SYMBOL_EXTENSIONS = YES;
				CLANG_ANALYZER_NONNULL = YES;
				CLANG_ANALYZER_NUMBER_OBJECT_CONVERSION = YES_AGGRESSIVE;
				CLANG_CXX_LANGUAGE_STANDARD = "gnu++20";
				CLANG_ENABLE_MODULES = YES;
				CLANG_ENABLE_OBJC_ARC = YES;
				CLANG_ENABLE_OBJC_WEAK = YES;
				CLANG_WARN_BLOCK_CAPTURE_AUTORELEASING = YES;
				CLANG_WARN_BOOL_CONVERSION = YES;
				CLANG_WARN_COMMA = YES;
				CLANG_WARN_CONSTANT_CONVERSION = YES;
				CLANG_WARN_DEPRECATED_OBJC_IMPLEMENTATIONS = YES;
				CLANG_WARN_DIRECT_OBJC_ISA_USAGE = YES_ERROR;
				CLANG_WARN_DOCUMENTATION_COMMENTS = YES;
				CLANG_WARN_EMPTY_BODY = YES;
				CLANG_WARN_ENUM_CONVERSION = YES;
				CLANG_WARN_INFINITE_RECURSION = YES;
				CLANG_WARN_INT_CONVERSION = YES;
				CLANG_WARN_NON_LITERAL_NULL_CONVERSION = YES;
				CLANG_WARN_OBJC_IMPLICIT_RETAIN_SELF = YES;
				CLANG_WARN_OBJC_LITERAL_CONVERSION = YES;
				CLANG_WARN_OBJC_ROOT_CLASS = YES_ERROR;
				CLANG_WARN_QUOTED_INCLUDE_IN_FRAMEWORK_HEADER = YES;
				CLANG_WARN_RANGE_LOOP_ANALYSIS = YES;
				CLANG_WARN_STRICT_PROTOTYPES = YES;
				CLANG_WARN_SUSPICIOUS_MOVE = YES;
				CLANG_WARN_UNGUARDED_AVAILABILITY = YES_AGGRESSIVE;
				CLANG_WARN_UNREACHABLE_CODE = YES;
				CLANG_WARN__DUPLICATE_METHOD_MATCH = YES;
				COPY_PHASE_STRIP = NO;
				DEBUG_INFORMATION_FORMAT = "dwarf-with-dsym";
				ENABLE_NS_ASSERTIONS = NO;
				ENABLE_STRICT_OBJC_MSGSEND = YES;
				ENABLE_USER_SCRIPT_SANDBOXING = YES;
				GCC_C_LANGUAGE_STANDARD = gnu17;
				GCC_NO_COMMON_BLOCKS = YES;
				GCC_WARN_64_TO_32_BIT_CONVERSION = YES;
				GCC_WARN_ABOUT_RETURN_TYPE = YES_ERROR;
				GCC_WARN_UNDECLARED_SELECTOR = YES;
				GCC_WARN_UNINITIALIZED_AUTOS = YES_AGGRESSIVE;
				GCC_WARN_UNUSED_FUNCTION = YES;
				GCC_WARN_UNUSED_VARIABLE = YES;
				IPHONEOS_DEPLOYMENT_TARGET = 17.2;
				LOCALIZATION_PREFERS_STRING_CATALOGS = YES;
				MTL_ENABLE_DEBUG_INFO = NO;
				MTL_FAST_MATH = YES;
				SDKROOT = iphoneos;
				SWIFT_COMPILATION_MODE = wholemodule;
				VALIDATE_PRODUCT = YES;
			};
			name = Release;
		};
		B78BCC6E2C4E2D7E00E1CFDA /* Debug */ = {
			isa = XCBuildConfiguration;
			buildSettings = {
				ASSETCATALOG_COMPILER_APPICON_NAME = AppIcon;
				ASSETCATALOG_COMPILER_GLOBAL_ACCENT_COLOR_NAME = AccentColor;
				CODE_SIGN_STYLE = Automatic;
				CURRENT_PROJECT_VERSION = 1;
				DEVELOPMENT_ASSET_PATHS = "\"dreamer/Preview Content\"";
				DEVELOPMENT_TEAM = M8L25K7P36;
				ENABLE_PREVIEWS = YES;
				GENERATE_INFOPLIST_FILE = YES;
				INFOPLIST_KEY_UIApplicationSceneManifest_Generation = YES;
				INFOPLIST_KEY_UIApplicationSupportsIndirectInputEvents = YES;
				INFOPLIST_KEY_UILaunchScreen_Generation = YES;
				INFOPLIST_KEY_UISupportedInterfaceOrientations_iPad = "UIInterfaceOrientationPortrait UIInterfaceOrientationPortraitUpsideDown UIInterfaceOrientationLandscapeLeft UIInterfaceOrientationLandscapeRight";
				INFOPLIST_KEY_UISupportedInterfaceOrientations_iPhone = "UIInterfaceOrientationPortrait UIInterfaceOrientationLandscapeLeft UIInterfaceOrientationLandscapeRight";
				LD_RUNPATH_SEARCH_PATHS = (
					"$(inherited)",
					"@executable_path/Frameworks",
				);
				MARKETING_VERSION = 1.0;
				PRODUCT_BUNDLE_IDENTIFIER = com.shush.dreamer;
				PRODUCT_NAME = "$(TARGET_NAME)";
				SWIFT_EMIT_LOC_STRINGS = YES;
				SWIFT_VERSION = 5.0;
				TARGETED_DEVICE_FAMILY = "1,2";
			};
			name = Debug;
		};
		B78BCC6F2C4E2D7E00E1CFDA /* Release */ = {
			isa = XCBuildConfiguration;
			buildSettings = {
				ASSETCATALOG_COMPILER_APPICON_NAME = AppIcon;
				ASSETCATALOG_COMPILER_GLOBAL_ACCENT_COLOR_NAME = AccentColor;
				CODE_SIGN_STYLE = Automatic;
				CURRENT_PROJECT_VERSION = 1;
				DEVELOPMENT_ASSET_PATHS = "\"dreamer/Preview Content\"";
				DEVELOPMENT_TEAM = M8L25K7P36;
				ENABLE_PREVIEWS = YES;
				GENERATE_INFOPLIST_FILE = YES;
				INFOPLIST_KEY_UIApplicationSceneManifest_Generation = YES;
				INFOPLIST_KEY_UIApplicationSupportsIndirectInputEvents = YES;
				INFOPLIST_KEY_UILaunchScreen_Generation = YES;
				INFOPLIST_KEY_UISupportedInterfaceOrientations_iPad = "UIInterfaceOrientationPortrait UIInterfaceOrientationPortraitUpsideDown UIInterfaceOrientationLandscapeLeft UIInterfaceOrientationLandscapeRight";
				INFOPLIST_KEY_UISupportedInterfaceOrientations_iPhone = "UIInterfaceOrientationPortrait UIInterfaceOrientationLandscapeLeft UIInterfaceOrientationLandscapeRight";
				LD_RUNPATH_SEARCH_PATHS = (
					"$(inherited)",
					"@executable_path/Frameworks",
				);
				MARKETING_VERSION = 1.0;
				PRODUCT_BUNDLE_IDENTIFIER = com.shush.dreamer;
				PRODUCT_NAME = "$(TARGET_NAME)";
				SWIFT_EMIT_LOC_STRINGS = YES;
				SWIFT_VERSION = 5.0;
				TARGETED_DEVICE_FAMILY = "1,2";
			};
			name = Release;
		};
/* End XCBuildConfiguration section */

/* Begin XCConfigurationList section */
		B78BCC5A2C4E2D7D00E1CFDA /* Build configuration list for PBXProject "dreamer" */ = {
			isa = XCConfigurationList;
			buildConfigurations = (
				B78BCC6B2C4E2D7E00E1CFDA /* Debug */,
				B78BCC6C2C4E2D7E00E1CFDA /* Release */,
			);
			defaultConfigurationIsVisible = 0;
			defaultConfigurationName = Release;
		};
		B78BCC6D2C4E2D7E00E1CFDA /* Build configuration list for PBXNativeTarget "dreamer" */ = {
			isa = XCConfigurationList;
			buildConfigurations = (
				B78BCC6E2C4E2D7E00E1CFDA /* Debug */,
				B78BCC6F2C4E2D7E00E1CFDA /* Release */,
			);
			defaultConfigurationIsVisible = 0;
			defaultConfigurationName = Release;
		};
/* End XCConfigurationList section */

/* Begin XCRemoteSwiftPackageReference section */
		B796FD9F2C5246C2006FB570 /* XCRemoteSwiftPackageReference "firebase-ios-sdk" */ = {
			isa = XCRemoteSwiftPackageReference;
			repositoryURL = "https://github.com/firebase/firebase-ios-sdk";
			requirement = {
				kind = upToNextMajorVersion;
				minimumVersion = 10.29.0;
			};
		};
/* End XCRemoteSwiftPackageReference section */

/* Begin XCSwiftPackageProductDependency section */
		B796FDA02C5246C2006FB570 /* FirebaseAnalytics */ = {
			isa = XCSwiftPackageProductDependency;
			package = B796FD9F2C5246C2006FB570 /* XCRemoteSwiftPackageReference "firebase-ios-sdk" */;
			productName = FirebaseAnalytics;
		};
		B796FDA22C5246C2006FB570 /* FirebaseAnalyticsOnDeviceConversion */ = {
			isa = XCSwiftPackageProductDependency;
			package = B796FD9F2C5246C2006FB570 /* XCRemoteSwiftPackageReference "firebase-ios-sdk" */;
			productName = FirebaseAnalyticsOnDeviceConversion;
		};
		B796FDA42C5246C2006FB570 /* FirebaseAnalyticsSwift */ = {
			isa = XCSwiftPackageProductDependency;
			package = B796FD9F2C5246C2006FB570 /* XCRemoteSwiftPackageReference "firebase-ios-sdk" */;
			productName = FirebaseAnalyticsSwift;
		};
		B796FDA62C5246C2006FB570 /* FirebaseAnalyticsWithoutAdIdSupport */ = {
			isa = XCSwiftPackageProductDependency;
			package = B796FD9F2C5246C2006FB570 /* XCRemoteSwiftPackageReference "firebase-ios-sdk" */;
			productName = FirebaseAnalyticsWithoutAdIdSupport;
		};
		B796FDAA2C5246C2006FB570 /* FirebaseAppDistribution-Beta */ = {
			isa = XCSwiftPackageProductDependency;
			package = B796FD9F2C5246C2006FB570 /* XCRemoteSwiftPackageReference "firebase-ios-sdk" */;
			productName = "FirebaseAppDistribution-Beta";
		};
		B796FDAC2C5246C2006FB570 /* FirebaseAuth */ = {
			isa = XCSwiftPackageProductDependency;
			package = B796FD9F2C5246C2006FB570 /* XCRemoteSwiftPackageReference "firebase-ios-sdk" */;
			productName = FirebaseAuth;
		};
		B796FDAE2C5246C2006FB570 /* FirebaseAuthCombine-Community */ = {
			isa = XCSwiftPackageProductDependency;
			package = B796FD9F2C5246C2006FB570 /* XCRemoteSwiftPackageReference "firebase-ios-sdk" */;
			productName = "FirebaseAuthCombine-Community";
		};
		B796FDB02C5246C2006FB570 /* FirebaseCrashlytics */ = {
			isa = XCSwiftPackageProductDependency;
			package = B796FD9F2C5246C2006FB570 /* XCRemoteSwiftPackageReference "firebase-ios-sdk" */;
			productName = FirebaseCrashlytics;
		};
		B796FDB22C5246C2006FB570 /* FirebaseDatabase */ = {
			isa = XCSwiftPackageProductDependency;
			package = B796FD9F2C5246C2006FB570 /* XCRemoteSwiftPackageReference "firebase-ios-sdk" */;
			productName = FirebaseDatabase;
		};
		B796FDB42C5246C2006FB570 /* FirebaseDatabaseSwift */ = {
			isa = XCSwiftPackageProductDependency;
			package = B796FD9F2C5246C2006FB570 /* XCRemoteSwiftPackageReference "firebase-ios-sdk" */;
			productName = FirebaseDatabaseSwift;
		};
		B796FDB62C5246C2006FB570 /* FirebaseDynamicLinks */ = {
			isa = XCSwiftPackageProductDependency;
			package = B796FD9F2C5246C2006FB570 /* XCRemoteSwiftPackageReference "firebase-ios-sdk" */;
			productName = FirebaseDynamicLinks;
		};
		B796FDC32C568801006FB570 /* FirebaseFirestore */ = {
			isa = XCSwiftPackageProductDependency;
			package = B796FD9F2C5246C2006FB570 /* XCRemoteSwiftPackageReference "firebase-ios-sdk" */;
			productName = FirebaseFirestore;
		};
		B796FDC52C568801006FB570 /* FirebaseFirestoreCombine-Community */ = {
			isa = XCSwiftPackageProductDependency;
			package = B796FD9F2C5246C2006FB570 /* XCRemoteSwiftPackageReference "firebase-ios-sdk" */;
			productName = "FirebaseFirestoreCombine-Community";
		};
		B796FDC72C568801006FB570 /* FirebaseFirestoreSwift */ = {
			isa = XCSwiftPackageProductDependency;
			package = B796FD9F2C5246C2006FB570 /* XCRemoteSwiftPackageReference "firebase-ios-sdk" */;
			productName = FirebaseFirestoreSwift;
		};
/* End XCSwiftPackageProductDependency section */
	};
	rootObject = B78BCC572C4E2D7D00E1CFDA /* Project object */;
}
